// !$*UTF8*$!
{
	archiveVersion = 1;
	classes = {
	};
	objectVersion = 46;
	objects = {

/* Begin PBXBuildFile section */
		0D256BCA1E81EC81009E60A4 /* JourneyAdderViewController.swift in Sources */ = {isa = PBXBuildFile; fileRef = 0D256BC91E81EC81009E60A4 /* JourneyAdderViewController.swift */; };
		0D256BCC1E81F7D3009E60A4 /* JourneyLocationAdderViewController.swift in Sources */ = {isa = PBXBuildFile; fileRef = 0D256BCB1E81F7D3009E60A4 /* JourneyLocationAdderViewController.swift */; };
		0D256BCE1E81FF01009E60A4 /* JourneysViewController.swift in Sources */ = {isa = PBXBuildFile; fileRef = 0D256BCD1E81FF01009E60A4 /* JourneysViewController.swift */; };
		0D82EABC1E78EAA6000527F2 /* RegistrationViewController.swift in Sources */ = {isa = PBXBuildFile; fileRef = 0D82EABB1E78EAA6000527F2 /* RegistrationViewController.swift */; };
		0DC19AE21E7859FB002EEFE9 /* AppDelegate.swift in Sources */ = {isa = PBXBuildFile; fileRef = 0DC19AE11E7859FB002EEFE9 /* AppDelegate.swift */; };
		0DC19AE41E7859FB002EEFE9 /* ViewController.swift in Sources */ = {isa = PBXBuildFile; fileRef = 0DC19AE31E7859FB002EEFE9 /* ViewController.swift */; };
		0DC19AE71E7859FB002EEFE9 /* Main.storyboard in Resources */ = {isa = PBXBuildFile; fileRef = 0DC19AE51E7859FB002EEFE9 /* Main.storyboard */; };
		0DC19AE91E7859FB002EEFE9 /* Assets.xcassets in Resources */ = {isa = PBXBuildFile; fileRef = 0DC19AE81E7859FB002EEFE9 /* Assets.xcassets */; };
		0DC19AEC1E7859FB002EEFE9 /* LaunchScreen.storyboard in Resources */ = {isa = PBXBuildFile; fileRef = 0DC19AEA1E7859FB002EEFE9 /* LaunchScreen.storyboard */; };
		0DC19AF71E7859FB002EEFE9 /* SnapnGoTests.swift in Sources */ = {isa = PBXBuildFile; fileRef = 0DC19AF61E7859FB002EEFE9 /* SnapnGoTests.swift */; };
		0DF20A5A1E94662F001D9F2F /* RequestsTableViewCell.swift in Sources */ = {isa = PBXBuildFile; fileRef = 0DF20A591E94662F001D9F2F /* RequestsTableViewCell.swift */; };
		0DF20A5C1E946C3B001D9F2F /* RequestViewController.swift in Sources */ = {isa = PBXBuildFile; fileRef = 0DF20A5B1E946C3B001D9F2F /* RequestViewController.swift */; };
/* End PBXBuildFile section */

/* Begin PBXContainerItemProxy section */
		0DC19AF31E7859FB002EEFE9 /* PBXContainerItemProxy */ = {
			isa = PBXContainerItemProxy;
			containerPortal = 0DC19AD61E7859FB002EEFE9 /* Project object */;
			proxyType = 1;
			remoteGlobalIDString = 0DC19ADD1E7859FB002EEFE9;
			remoteInfo = SnapnGo;
		};
/* End PBXContainerItemProxy section */

/* Begin PBXFileReference section */
		0D256BC91E81EC81009E60A4 /* JourneyAdderViewController.swift */ = {isa = PBXFileReference; fileEncoding = 4; lastKnownFileType = sourcecode.swift; path = JourneyAdderViewController.swift; sourceTree = "<group>"; };
		0D256BCB1E81F7D3009E60A4 /* JourneyLocationAdderViewController.swift */ = {isa = PBXFileReference; fileEncoding = 4; lastKnownFileType = sourcecode.swift; path = JourneyLocationAdderViewController.swift; sourceTree = "<group>"; };
		0D256BCD1E81FF01009E60A4 /* JourneysViewController.swift */ = {isa = PBXFileReference; fileEncoding = 4; lastKnownFileType = sourcecode.swift; path = JourneysViewController.swift; sourceTree = "<group>"; };
		0D82EABB1E78EAA6000527F2 /* RegistrationViewController.swift */ = {isa = PBXFileReference; fileEncoding = 4; lastKnownFileType = sourcecode.swift; path = RegistrationViewController.swift; sourceTree = "<group>"; };
		0DC19ADE1E7859FB002EEFE9 /* SnapnGo.app */ = {isa = PBXFileReference; explicitFileType = wrapper.application; includeInIndex = 0; path = SnapnGo.app; sourceTree = BUILT_PRODUCTS_DIR; };
		0DC19AE11E7859FB002EEFE9 /* AppDelegate.swift */ = {isa = PBXFileReference; lastKnownFileType = sourcecode.swift; path = AppDelegate.swift; sourceTree = "<group>"; };
		0DC19AE31E7859FB002EEFE9 /* ViewController.swift */ = {isa = PBXFileReference; lastKnownFileType = sourcecode.swift; path = ViewController.swift; sourceTree = "<group>"; };
		0DC19AE61E7859FB002EEFE9 /* Base */ = {isa = PBXFileReference; lastKnownFileType = file.storyboard; name = Base; path = Base.lproj/Main.storyboard; sourceTree = "<group>"; };
		0DC19AE81E7859FB002EEFE9 /* Assets.xcassets */ = {isa = PBXFileReference; lastKnownFileType = folder.assetcatalog; path = Assets.xcassets; sourceTree = "<group>"; };
		0DC19AEB1E7859FB002EEFE9 /* Base */ = {isa = PBXFileReference; lastKnownFileType = file.storyboard; name = Base; path = Base.lproj/LaunchScreen.storyboard; sourceTree = "<group>"; };
		0DC19AED1E7859FB002EEFE9 /* Info.plist */ = {isa = PBXFileReference; lastKnownFileType = text.plist.xml; path = Info.plist; sourceTree = "<group>"; };
		0DC19AF21E7859FB002EEFE9 /* SnapnGoTests.xctest */ = {isa = PBXFileReference; explicitFileType = wrapper.cfbundle; includeInIndex = 0; path = SnapnGoTests.xctest; sourceTree = BUILT_PRODUCTS_DIR; };
		0DC19AF61E7859FB002EEFE9 /* SnapnGoTests.swift */ = {isa = PBXFileReference; lastKnownFileType = sourcecode.swift; path = SnapnGoTests.swift; sourceTree = "<group>"; };
		0DC19AF81E7859FB002EEFE9 /* Info.plist */ = {isa = PBXFileReference; lastKnownFileType = text.plist.xml; path = Info.plist; sourceTree = "<group>"; };
		0DF20A591E94662F001D9F2F /* RequestsTableViewCell.swift */ = {isa = PBXFileReference; fileEncoding = 4; lastKnownFileType = sourcecode.swift; path = RequestsTableViewCell.swift; sourceTree = "<group>"; };
		0DF20A5B1E946C3B001D9F2F /* RequestViewController.swift */ = {isa = PBXFileReference; fileEncoding = 4; lastKnownFileType = sourcecode.swift; path = RequestViewController.swift; sourceTree = "<group>"; };
/* End PBXFileReference section */

/* Begin PBXFrameworksBuildPhase section */
		0DC19ADB1E7859FB002EEFE9 /* Frameworks */ = {
			isa = PBXFrameworksBuildPhase;
			buildActionMask = 2147483647;
			files = (
			);
			runOnlyForDeploymentPostprocessing = 0;
		};
		0DC19AEF1E7859FB002EEFE9 /* Frameworks */ = {
			isa = PBXFrameworksBuildPhase;
			buildActionMask = 2147483647;
			files = (
			);
			runOnlyForDeploymentPostprocessing = 0;
		};
/* End PBXFrameworksBuildPhase section */

/* Begin PBXGroup section */
		0DC19AD51E7859FB002EEFE9 = {
			isa = PBXGroup;
			children = (
				0DC19AE01E7859FB002EEFE9 /* SnapnGo */,
				0DC19AF51E7859FB002EEFE9 /* SnapnGoTests */,
				0DC19ADF1E7859FB002EEFE9 /* Products */,
			);
			sourceTree = "<group>";
		};
		0DC19ADF1E7859FB002EEFE9 /* Products */ = {
			isa = PBXGroup;
			children = (
				0DC19ADE1E7859FB002EEFE9 /* SnapnGo.app */,
				0DC19AF21E7859FB002EEFE9 /* SnapnGoTests.xctest */,
			);
			name = Products;
			sourceTree = "<group>";
		};
		0DC19AE01E7859FB002EEFE9 /* SnapnGo */ = {
			isa = PBXGroup;
			children = (
				0DC19AE11E7859FB002EEFE9 /* AppDelegate.swift */,
				0DC19AE31E7859FB002EEFE9 /* ViewController.swift */,
				0D256BC91E81EC81009E60A4 /* JourneyAdderViewController.swift */,
				0D82EABB1E78EAA6000527F2 /* RegistrationViewController.swift */,
				0D256BCB1E81F7D3009E60A4 /* JourneyLocationAdderViewController.swift */,
				0D256BCD1E81FF01009E60A4 /* JourneysViewController.swift */,
				0DC19AE51E7859FB002EEFE9 /* Main.storyboard */,
				0DF20A5B1E946C3B001D9F2F /* RequestViewController.swift */,
				0DF20A591E94662F001D9F2F /* RequestsTableViewCell.swift */,
				0DC19AE81E7859FB002EEFE9 /* Assets.xcassets */,
				0DC19AEA1E7859FB002EEFE9 /* LaunchScreen.storyboard */,
				0DC19AED1E7859FB002EEFE9 /* Info.plist */,
			);
			path = SnapnGo;
			sourceTree = "<group>";
		};
		0DC19AF51E7859FB002EEFE9 /* SnapnGoTests */ = {
			isa = PBXGroup;
			children = (
				0DC19AF61E7859FB002EEFE9 /* SnapnGoTests.swift */,
				0DC19AF81E7859FB002EEFE9 /* Info.plist */,
			);
			path = SnapnGoTests;
			sourceTree = "<group>";
		};
/* End PBXGroup section */

/* Begin PBXNativeTarget section */
		0DC19ADD1E7859FB002EEFE9 /* SnapnGo */ = {
			isa = PBXNativeTarget;
			buildConfigurationList = 0DC19AFB1E7859FB002EEFE9 /* Build configuration list for PBXNativeTarget "SnapnGo" */;
			buildPhases = (
				0DC19ADA1E7859FB002EEFE9 /* Sources */,
				0DC19ADB1E7859FB002EEFE9 /* Frameworks */,
				0DC19ADC1E7859FB002EEFE9 /* Resources */,
			);
			buildRules = (
			);
			dependencies = (
			);
			name = SnapnGo;
			productName = SnapnGo;
			productReference = 0DC19ADE1E7859FB002EEFE9 /* SnapnGo.app */;
			productType = "com.apple.product-type.application";
		};
		0DC19AF11E7859FB002EEFE9 /* SnapnGoTests */ = {
			isa = PBXNativeTarget;
			buildConfigurationList = 0DC19AFE1E7859FB002EEFE9 /* Build configuration list for PBXNativeTarget "SnapnGoTests" */;
			buildPhases = (
				0DC19AEE1E7859FB002EEFE9 /* Sources */,
				0DC19AEF1E7859FB002EEFE9 /* Frameworks */,
				0DC19AF01E7859FB002EEFE9 /* Resources */,
			);
			buildRules = (
			);
			dependencies = (
				0DC19AF41E7859FB002EEFE9 /* PBXTargetDependency */,
			);
			name = SnapnGoTests;
			productName = SnapnGoTests;
			productReference = 0DC19AF21E7859FB002EEFE9 /* SnapnGoTests.xctest */;
			productType = "com.apple.product-type.bundle.unit-test";
		};
/* End PBXNativeTarget section */

/* Begin PBXProject section */
		0DC19AD61E7859FB002EEFE9 /* Project object */ = {
			isa = PBXProject;
			attributes = {
				LastSwiftUpdateCheck = 0820;
				LastUpgradeCheck = 0820;
				ORGANIZATIONNAME = "Megan Shum";
				TargetAttributes = {
					0DC19ADD1E7859FB002EEFE9 = {
						CreatedOnToolsVersion = 8.2.1;
						ProvisioningStyle = Automatic;
					};
					0DC19AF11E7859FB002EEFE9 = {
						CreatedOnToolsVersion = 8.2.1;
						ProvisioningStyle = Automatic;
						TestTargetID = 0DC19ADD1E7859FB002EEFE9;
					};
				};
			};
			buildConfigurationList = 0DC19AD91E7859FB002EEFE9 /* Build configuration list for PBXProject "SnapnGo" */;
			compatibilityVersion = "Xcode 3.2";
			developmentRegion = English;
			hasScannedForEncodings = 0;
			knownRegions = (
				en,
				Base,
			);
			mainGroup = 0DC19AD51E7859FB002EEFE9;
			productRefGroup = 0DC19ADF1E7859FB002EEFE9 /* Products */;
			projectDirPath = "";
			projectRoot = "";
			targets = (
				0DC19ADD1E7859FB002EEFE9 /* SnapnGo */,
				0DC19AF11E7859FB002EEFE9 /* SnapnGoTests */,
			);
		};
/* End PBXProject section */

/* Begin PBXResourcesBuildPhase section */
		0DC19ADC1E7859FB002EEFE9 /* Resources */ = {
			isa = PBXResourcesBuildPhase;
			buildActionMask = 2147483647;
			files = (
				0DC19AEC1E7859FB002EEFE9 /* LaunchScreen.storyboard in Resources */,
				0DC19AE91E7859FB002EEFE9 /* Assets.xcassets in Resources */,
				0DC19AE71E7859FB002EEFE9 /* Main.storyboard in Resources */,
			);
			runOnlyForDeploymentPostprocessing = 0;
		};
		0DC19AF01E7859FB002EEFE9 /* Resources */ = {
			isa = PBXResourcesBuildPhase;
			buildActionMask = 2147483647;
			files = (
			);
			runOnlyForDeploymentPostprocessing = 0;
		};
/* End PBXResourcesBuildPhase section */

/* Begin PBXSourcesBuildPhase section */
		0DC19ADA1E7859FB002EEFE9 /* Sources */ = {
			isa = PBXSourcesBuildPhase;
			buildActionMask = 2147483647;
			files = (
				0D256BCA1E81EC81009E60A4 /* JourneyAdderViewController.swift in Sources */,
				0D82EABC1E78EAA6000527F2 /* RegistrationViewController.swift in Sources */,
				0DC19AE41E7859FB002EEFE9 /* ViewController.swift in Sources */,
				0D256BCE1E81FF01009E60A4 /* JourneysViewController.swift in Sources */,
				0D256BCC1E81F7D3009E60A4 /* JourneyLocationAdderViewController.swift in Sources */,
				0DC19AE21E7859FB002EEFE9 /* AppDelegate.swift in Sources */,
				0DF20A5C1E946C3B001D9F2F /* RequestViewController.swift in Sources */,
				0DF20A5A1E94662F001D9F2F /* RequestsTableViewCell.swift in Sources */,
			);
			runOnlyForDeploymentPostprocessing = 0;
		};
		0DC19AEE1E7859FB002EEFE9 /* Sources */ = {
			isa = PBXSourcesBuildPhase;
			buildActionMask = 2147483647;
			files = (
				0DC19AF71E7859FB002EEFE9 /* SnapnGoTests.swift in Sources */,
			);
			runOnlyForDeploymentPostprocessing = 0;
		};
/* End PBXSourcesBuildPhase section */

/* Begin PBXTargetDependency section */
		0DC19AF41E7859FB002EEFE9 /* PBXTargetDependency */ = {
			isa = PBXTargetDependency;
			target = 0DC19ADD1E7859FB002EEFE9 /* SnapnGo */;
			targetProxy = 0DC19AF31E7859FB002EEFE9 /* PBXContainerItemProxy */;
		};
/* End PBXTargetDependency section */

/* Begin PBXVariantGroup section */
		0DC19AE51E7859FB002EEFE9 /* Main.storyboard */ = {
			isa = PBXVariantGroup;
			children = (
				0DC19AE61E7859FB002EEFE9 /* Base */,
			);
			name = Main.storyboard;
			sourceTree = "<group>";
		};
		0DC19AEA1E7859FB002EEFE9 /* LaunchScreen.storyboard */ = {
			isa = PBXVariantGroup;
			children = (
				0DC19AEB1E7859FB002EEFE9 /* Base */,
			);
			name = LaunchScreen.storyboard;
			sourceTree = "<group>";
		};
/* End PBXVariantGroup section */

/* Begin XCBuildConfiguration section */
		0DC19AF91E7859FB002EEFE9 /* Debug */ = {
			isa = XCBuildConfiguration;
			buildSettings = {
				ALWAYS_SEARCH_USER_PATHS = NO;
				CLANG_ANALYZER_NONNULL = YES;
				CLANG_CXX_LANGUAGE_STANDARD = "gnu++0x";
				CLANG_CXX_LIBRARY = "libc++";
				CLANG_ENABLE_MODULES = YES;
				CLANG_ENABLE_OBJC_ARC = YES;
				CLANG_WARN_BOOL_CONVERSION = YES;
				CLANG_WARN_CONSTANT_CONVERSION = YES;
				CLANG_WARN_DIRECT_OBJC_ISA_USAGE = YES_ERROR;
				CLANG_WARN_DOCUMENTATION_COMMENTS = YES;
				CLANG_WARN_EMPTY_BODY = YES;
				CLANG_WARN_ENUM_CONVERSION = YES;
				CLANG_WARN_INFINITE_RECURSION = YES;
				CLANG_WARN_INT_CONVERSION = YES;
				CLANG_WARN_OBJC_ROOT_CLASS = YES_ERROR;
				CLANG_WARN_SUSPICIOUS_MOVE = YES;
				CLANG_WARN_UNREACHABLE_CODE = YES;
				CLANG_WARN__DUPLICATE_METHOD_MATCH = YES;
				"CODE_SIGN_IDENTITY[sdk=iphoneos*]" = "iPhone Developer";
				COPY_PHASE_STRIP = NO;
				DEBUG_INFORMATION_FORMAT = dwarf;
				ENABLE_STRICT_OBJC_MSGSEND = YES;
				ENABLE_TESTABILITY = YES;
				GCC_C_LANGUAGE_STANDARD = gnu99;
				GCC_DYNAMIC_NO_PIC = NO;
				GCC_NO_COMMON_BLOCKS = YES;
				GCC_OPTIMIZATION_LEVEL = 0;
				GCC_PREPROCESSOR_DEFINITIONS = (
					"DEBUG=1",
					"$(inherited)",
				);
				GCC_WARN_64_TO_32_BIT_CONVERSION = YES;
				GCC_WARN_ABOUT_RETURN_TYPE = YES_ERROR;
				GCC_WARN_UNDECLARED_SELECTOR = YES;
				GCC_WARN_UNINITIALIZED_AUTOS = YES_AGGRESSIVE;
				GCC_WARN_UNUSED_FUNCTION = YES;
				GCC_WARN_UNUSED_VARIABLE = YES;
				IPHONEOS_DEPLOYMENT_TARGET = 10.2;
				MTL_ENABLE_DEBUG_INFO = YES;
				ONLY_ACTIVE_ARCH = YES;
				SDKROOT = iphoneos;
				SWIFT_ACTIVE_COMPILATION_CONDITIONS = DEBUG;
				SWIFT_OPTIMIZATION_LEVEL = "-Onone";
				TARGETED_DEVICE_FAMILY = "1,2";
			};
			name = Debug;
		};
		0DC19AFA1E7859FB002EEFE9 /* Release */ = {
			isa = XCBuildConfiguration;
			buildSettings = {
				ALWAYS_SEARCH_USER_PATHS = NO;
				CLANG_ANALYZER_NONNULL = YES;
				CLANG_CXX_LANGUAGE_STANDARD = "gnu++0x";
				CLANG_CXX_LIBRARY = "libc++";
				CLANG_ENABLE_MODULES = YES;
				CLANG_ENABLE_OBJC_ARC = YES;
				CLANG_WARN_BOOL_CONVERSION = YES;
				CLANG_WARN_CONSTANT_CONVERSION = YES;
				CLANG_WARN_DIRECT_OBJC_ISA_USAGE = YES_ERROR;
				CLANG_WARN_DOCUMENTATION_COMMENTS = YES;
				CLANG_WARN_EMPTY_BODY = YES;
				CLANG_WARN_ENUM_CONVERSION = YES;
				CLANG_WARN_INFINITE_RECURSION = YES;
				CLANG_WARN_INT_CONVERSION = YES;
				CLANG_WARN_OBJC_ROOT_CLASS = YES_ERROR;
				CLANG_WARN_SUSPICIOUS_MOVE = YES;
				CLANG_WARN_UNREACHABLE_CODE = YES;
				CLANG_WARN__DUPLICATE_METHOD_MATCH = YES;
				"CODE_SIGN_IDENTITY[sdk=iphoneos*]" = "iPhone Developer";
				COPY_PHASE_STRIP = NO;
				DEBUG_INFORMATION_FORMAT = "dwarf-with-dsym";
				ENABLE_NS_ASSERTIONS = NO;
				ENABLE_STRICT_OBJC_MSGSEND = YES;
				GCC_C_LANGUAGE_STANDARD = gnu99;
				GCC_NO_COMMON_BLOCKS = YES;
				GCC_WARN_64_TO_32_BIT_CONVERSION = YES;
				GCC_WARN_ABOUT_RETURN_TYPE = YES_ERROR;
				GCC_WARN_UNDECLARED_SELECTOR = YES;
				GCC_WARN_UNINITIALIZED_AUTOS = YES_AGGRESSIVE;
				GCC_WARN_UNUSED_FUNCTION = YES;
				GCC_WARN_UNUSED_VARIABLE = YES;
				IPHONEOS_DEPLOYMENT_TARGET = 10.2;
				MTL_ENABLE_DEBUG_INFO = NO;
				SDKROOT = iphoneos;
				SWIFT_OPTIMIZATION_LEVEL = "-Owholemodule";
				TARGETED_DEVICE_FAMILY = "1,2";
				VALIDATE_PRODUCT = YES;
			};
			name = Release;
		};
		0DC19AFC1E7859FB002EEFE9 /* Debug */ = {
			isa = XCBuildConfiguration;
			buildSettings = {
				ASSETCATALOG_COMPILER_APPICON_NAME = AppIcon;
				INFOPLIST_FILE = SnapnGo/Info.plist;
				LD_RUNPATH_SEARCH_PATHS = "$(inherited) @executable_path/Frameworks";
				PRODUCT_BUNDLE_IDENTIFIER = com.example.SnapnGo;
				PRODUCT_NAME = "$(TARGET_NAME)";
				SWIFT_VERSION = 3.0;
			};
			name = Debug;
		};
		0DC19AFD1E7859FB002EEFE9 /* Release */ = {
			isa = XCBuildConfiguration;
			buildSettings = {
				ASSETCATALOG_COMPILER_APPICON_NAME = AppIcon;
				INFOPLIST_FILE = SnapnGo/Info.plist;
				LD_RUNPATH_SEARCH_PATHS = "$(inherited) @executable_path/Frameworks";
				PRODUCT_BUNDLE_IDENTIFIER = com.example.SnapnGo;
				PRODUCT_NAME = "$(TARGET_NAME)";
				SWIFT_VERSION = 3.0;
			};
			name = Release;
		};
		0DC19AFF1E7859FB002EEFE9 /* Debug */ = {
			isa = XCBuildConfiguration;
			buildSettings = {
				ALWAYS_EMBED_SWIFT_STANDARD_LIBRARIES = YES;
				BUNDLE_LOADER = "$(TEST_HOST)";
				INFOPLIST_FILE = SnapnGoTests/Info.plist;
				LD_RUNPATH_SEARCH_PATHS = "$(inherited) @executable_path/Frameworks @loader_path/Frameworks";
				PRODUCT_BUNDLE_IDENTIFIER = com.example.SnapnGoTests;
				PRODUCT_NAME = "$(TARGET_NAME)";
				SWIFT_VERSION = 3.0;
				TEST_HOST = "$(BUILT_PRODUCTS_DIR)/SnapnGo.app/SnapnGo";
			};
			name = Debug;
		};
		0DC19B001E7859FB002EEFE9 /* Release */ = {
			isa = XCBuildConfiguration;
			buildSettings = {
				ALWAYS_EMBED_SWIFT_STANDARD_LIBRARIES = YES;
				BUNDLE_LOADER = "$(TEST_HOST)";
				INFOPLIST_FILE = SnapnGoTests/Info.plist;
				LD_RUNPATH_SEARCH_PATHS = "$(inherited) @executable_path/Frameworks @loader_path/Frameworks";
				PRODUCT_BUNDLE_IDENTIFIER = com.example.SnapnGoTests;
				PRODUCT_NAME = "$(TARGET_NAME)";
				SWIFT_VERSION = 3.0;
				TEST_HOST = "$(BUILT_PRODUCTS_DIR)/SnapnGo.app/SnapnGo";
			};
			name = Release;
		};
/* End XCBuildConfiguration section */

/* Begin XCConfigurationList section */
		0DC19AD91E7859FB002EEFE9 /* Build configuration list for PBXProject "SnapnGo" */ = {
			isa = XCConfigurationList;
			buildConfigurations = (
				0DC19AF91E7859FB002EEFE9 /* Debug */,
				0DC19AFA1E7859FB002EEFE9 /* Release */,
			);
			defaultConfigurationIsVisible = 0;
			defaultConfigurationName = Release;
		};
		0DC19AFB1E7859FB002EEFE9 /* Build configuration list for PBXNativeTarget "SnapnGo" */ = {
			isa = XCConfigurationList;
			buildConfigurations = (
				0DC19AFC1E7859FB002EEFE9 /* Debug */,
				0DC19AFD1E7859FB002EEFE9 /* Release */,
			);
			defaultConfigurationIsVisible = 0;
			defaultConfigurationName = Release;
		};
		0DC19AFE1E7859FB002EEFE9 /* Build configuration list for PBXNativeTarget "SnapnGoTests" */ = {
			isa = XCConfigurationList;
			buildConfigurations = (
				0DC19AFF1E7859FB002EEFE9 /* Debug */,
				0DC19B001E7859FB002EEFE9 /* Release */,
			);
			defaultConfigurationIsVisible = 0;
			defaultConfigurationName = Release;
		};
/* End XCConfigurationList section */
	};
	rootObject = 0DC19AD61E7859FB002EEFE9 /* Project object */;
}
